
Microsoft Visual Studio Solution File, Format Version 12.00
# Visual Studio Version 17
VisualStudioVersion = 17.11.35327.3
MinimumVisualStudioVersion = 10.0.40219.1
Project("{FAE04EC0-301F-11D3-BF4B-00C04F79EFBC}") = "Exer_03_Fixacao", "Exer_03_Fixacao\Exer_03_Fixacao.csproj", "{C9FCFD15-9213-4941-8080-E867A1E6AD80}"
EndProject
Global
	GlobalSection(SolutionConfigurationPlatforms) = preSolution
		Debug|Any CPU = Debug|Any CPU
		Release|Any CPU = Release|Any CPU
	EndGlobalSection
	GlobalSection(ProjectConfigurationPlatforms) = postSolution
		{C9FCFD15-9213-4941-8080-E867A1E6AD80}.Debug|Any CPU.ActiveCfg = Debug|Any CPU
		{C9FCFD15-9213-4941-8080-E867A1E6AD80}.Debug|Any CPU.Build.0 = Debug|Any CPU
		{C9FCFD15-9213-4941-8080-E867A1E6AD80}.Release|Any CPU.ActiveCfg = Release|Any CPU
		{C9FCFD15-9213-4941-8080-E867A1E6AD80}.Release|Any CPU.Build.0 = Release|Any CPU
	EndGlobalSection
	GlobalSection(SolutionProperties) = preSolution
		HideSolutionNode = FALSE
	EndGlobalSection
	GlobalSection(ExtensibilityGlobals) = postSolution
		SolutionGuid = {744BD4DD-D370-438E-A476-3F9841BA3B90}
	EndGlobalSection
EndGlobal
