
Microsoft Visual Studio Solution File, Format Version 12.00
# Visual Studio Version 17
VisualStudioVersion = 17.11.35327.3
MinimumVisualStudioVersion = 10.0.40219.1
Project("{FAE04EC0-301F-11D3-BF4B-00C04F79EFBC}") = "VetoresClass", "VetoresClass\VetoresClass.csproj", "{AA762EA8-2705-4049-B70B-BE335B001E62}"
EndProject
Global
	GlobalSection(SolutionConfigurationPlatforms) = preSolution
		Debug|Any CPU = Debug|Any CPU
		Release|Any CPU = Release|Any CPU
	EndGlobalSection
	GlobalSection(ProjectConfigurationPlatforms) = postSolution
		{AA762EA8-2705-4049-B70B-BE335B001E62}.Debug|Any CPU.ActiveCfg = Debug|Any CPU
		{AA762EA8-2705-4049-B70B-BE335B001E62}.Debug|Any CPU.Build.0 = Debug|Any CPU
		{AA762EA8-2705-4049-B70B-BE335B001E62}.Release|Any CPU.ActiveCfg = Release|Any CPU
		{AA762EA8-2705-4049-B70B-BE335B001E62}.Release|Any CPU.Build.0 = Release|Any CPU
	EndGlobalSection
	GlobalSection(SolutionProperties) = preSolution
		HideSolutionNode = FALSE
	EndGlobalSection
	GlobalSection(ExtensibilityGlobals) = postSolution
		SolutionGuid = {E945908B-7FDB-4BE4-A393-F2B6DBD66C4E}
	EndGlobalSection
EndGlobal
