
Microsoft Visual Studio Solution File, Format Version 12.00
# Visual Studio Version 17
VisualStudioVersion = 17.11.35327.3
MinimumVisualStudioVersion = 10.0.40219.1
Project("{FAE04EC0-301F-11D3-BF4B-00C04F79EFBC}") = "Exer_01", "Exer_01\Exer_01.csproj", "{ABAF8ED1-B6CF-4DE1-BF5C-5D3B5027464C}"
EndProject
Global
	GlobalSection(SolutionConfigurationPlatforms) = preSolution
		Debug|Any CPU = Debug|Any CPU
		Release|Any CPU = Release|Any CPU
	EndGlobalSection
	GlobalSection(ProjectConfigurationPlatforms) = postSolution
		{ABAF8ED1-B6CF-4DE1-BF5C-5D3B5027464C}.Debug|Any CPU.ActiveCfg = Debug|Any CPU
		{ABAF8ED1-B6CF-4DE1-BF5C-5D3B5027464C}.Debug|Any CPU.Build.0 = Debug|Any CPU
		{ABAF8ED1-B6CF-4DE1-BF5C-5D3B5027464C}.Release|Any CPU.ActiveCfg = Release|Any CPU
		{ABAF8ED1-B6CF-4DE1-BF5C-5D3B5027464C}.Release|Any CPU.Build.0 = Release|Any CPU
	EndGlobalSection
	GlobalSection(SolutionProperties) = preSolution
		HideSolutionNode = FALSE
	EndGlobalSection
	GlobalSection(ExtensibilityGlobals) = postSolution
		SolutionGuid = {079CFE45-0387-4CDF-BB7A-743A825A43FF}
	EndGlobalSection
EndGlobal
