
Microsoft Visual Studio Solution File, Format Version 12.00
# Visual Studio Version 17
VisualStudioVersion = 17.11.35327.3
MinimumVisualStudioVersion = 10.0.40219.1
Project("{FAE04EC0-301F-11D3-BF4B-00C04F79EFBC}") = "VetoresStruct", "Vetores\VetoresStruct.csproj", "{00C018BA-9965-4AB8-8AC8-B6B93D28AFB8}"
EndProject
Global
	GlobalSection(SolutionConfigurationPlatforms) = preSolution
		Debug|Any CPU = Debug|Any CPU
		Release|Any CPU = Release|Any CPU
	EndGlobalSection
	GlobalSection(ProjectConfigurationPlatforms) = postSolution
		{00C018BA-9965-4AB8-8AC8-B6B93D28AFB8}.Debug|Any CPU.ActiveCfg = Debug|Any CPU
		{00C018BA-9965-4AB8-8AC8-B6B93D28AFB8}.Debug|Any CPU.Build.0 = Debug|Any CPU
		{00C018BA-9965-4AB8-8AC8-B6B93D28AFB8}.Release|Any CPU.ActiveCfg = Release|Any CPU
		{00C018BA-9965-4AB8-8AC8-B6B93D28AFB8}.Release|Any CPU.Build.0 = Release|Any CPU
	EndGlobalSection
	GlobalSection(SolutionProperties) = preSolution
		HideSolutionNode = FALSE
	EndGlobalSection
	GlobalSection(ExtensibilityGlobals) = postSolution
		SolutionGuid = {D33F233E-D063-4FE3-A18C-C7A312E2536B}
	EndGlobalSection
EndGlobal
